
Microsoft Visual Studio Solution File, Format Version 12.00
# Visual Studio Version 17
VisualStudioVersion = 17.2.32519.379
MinimumVisualStudioVersion = 10.0.40219.1
Project("{9A19103F-16F7-4668-BE54-9A1E7A4F7556}") = "StaticMenuBot", "StaticMenuBot\StaticMenuBot.csproj", "{D06804F2-B90D-4657-9A9C-C9C1B3C9D1EE}"
EndProject
Project("{54A90642-561A-4BB1-A94E-469ADEE60C69}") = "webchat", "webchat\webchat.esproj", "{904F710F-D506-486D-A897-6B625DA2BC91}"
EndProject
Global
	GlobalSection(SolutionConfigurationPlatforms) = preSolution
		Debug|Any CPU = Debug|Any CPU
		Release|Any CPU = Release|Any CPU
	EndGlobalSection
	GlobalSection(ProjectConfigurationPlatforms) = postSolution
		{D06804F2-B90D-4657-9A9C-C9C1B3C9D1EE}.Debug|Any CPU.ActiveCfg = Debug|Any CPU
		{D06804F2-B90D-4657-9A9C-C9C1B3C9D1EE}.Debug|Any CPU.Build.0 = Debug|Any CPU
		{D06804F2-B90D-4657-9A9C-C9C1B3C9D1EE}.Release|Any CPU.ActiveCfg = Release|Any CPU
		{D06804F2-B90D-4657-9A9C-C9C1B3C9D1EE}.Release|Any CPU.Build.0 = Release|Any CPU
		{904F710F-D506-486D-A897-6B625DA2BC91}.Debug|Any CPU.ActiveCfg = Debug|Any CPU
		{904F710F-D506-486D-A897-6B625DA2BC91}.Debug|Any CPU.Build.0 = Debug|Any CPU
		{904F710F-D506-486D-A897-6B625DA2BC91}.Debug|Any CPU.Deploy.0 = Debug|Any CPU
		{904F710F-D506-486D-A897-6B625DA2BC91}.Release|Any CPU.ActiveCfg = Release|Any CPU
		{904F710F-D506-486D-A897-6B625DA2BC91}.Release|Any CPU.Build.0 = Release|Any CPU
		{904F710F-D506-486D-A897-6B625DA2BC91}.Release|Any CPU.Deploy.0 = Release|Any CPU
	EndGlobalSection
	GlobalSection(SolutionProperties) = preSolution
		HideSolutionNode = FALSE
	EndGlobalSection
	GlobalSection(ExtensibilityGlobals) = postSolution
		SolutionGuid = {01E3597B-250C-4842-B164-9A044D6E9DCF}
	EndGlobalSection
EndGlobal
